
Microsoft Visual Studio Solution File, Format Version 12.00
Project("{FAE04EC0-301F-11D3-BF4B-00C04F79EFBC}") = "TroyWebConsultingApplication", "TroyWebConsultingApplication\TroyWebConsultingApplication.csproj", "{216363A2-E477-4AD9-A741-067A8E37D56A}"
EndProject
Global
	GlobalSection(SolutionConfigurationPlatforms) = preSolution
		Debug|Any CPU = Debug|Any CPU
		Release|Any CPU = Release|Any CPU
	EndGlobalSection
	GlobalSection(ProjectConfigurationPlatforms) = postSolution
		{216363A2-E477-4AD9-A741-067A8E37D56A}.Debug|Any CPU.ActiveCfg = Debug|Any CPU
		{216363A2-E477-4AD9-A741-067A8E37D56A}.Debug|Any CPU.Build.0 = Debug|Any CPU
		{216363A2-E477-4AD9-A741-067A8E37D56A}.Release|Any CPU.ActiveCfg = Release|Any CPU
		{216363A2-E477-4AD9-A741-067A8E37D56A}.Release|Any CPU.Build.0 = Release|Any CPU
	EndGlobalSection
EndGlobal
